
Microsoft Visual Studio Solution File, Format Version 11.00
# Visual Studio 2010
Project("{FAE04EC0-301F-11D3-BF4B-00C04F79EFBC}") = "Assembly-CSharp", "Assembly-CSharp.csproj", "{4f9ce0fb-a700-2e9f-79a3-bbb7b8c61e47}"
EndProject
Project("{FAE04EC0-301F-11D3-BF4B-00C04F79EFBC}") = "Assembly-CSharp-Editor", "Assembly-CSharp-Editor.csproj", "{5f3f1597-aacf-310e-4dae-9eb4638ae7e0}"
EndProject
Global
	GlobalSection(SolutionConfigurationPlatforms) = preSolution
		Debug|Any CPU = Debug|Any CPU
	EndGlobalSection
	GlobalSection(ProjectConfigurationPlatforms) = postSolution
		{4f9ce0fb-a700-2e9f-79a3-bbb7b8c61e47}.Debug|Any CPU.ActiveCfg = Debug|Any CPU
		{4f9ce0fb-a700-2e9f-79a3-bbb7b8c61e47}.Debug|Any CPU.Build.0 = Debug|Any CPU
		{5f3f1597-aacf-310e-4dae-9eb4638ae7e0}.Debug|Any CPU.ActiveCfg = Debug|Any CPU
		{5f3f1597-aacf-310e-4dae-9eb4638ae7e0}.Debug|Any CPU.Build.0 = Debug|Any CPU
	EndGlobalSection
	GlobalSection(SolutionProperties) = preSolution
		HideSolutionNode = FALSE
	EndGlobalSection
EndGlobal
